
Microsoft Visual Studio Solution File, Format Version 12.00
# Visual Studio Version 16
VisualStudioVersion = 16.0.31624.102
MinimumVisualStudioVersion = 10.0.40219.1
Project("{8BC9CEB8-8B4A-11D0-8D11-00A0C91BC942}") = "Lab7 Ship", "Lab7 Ship\Lab7 Ship.vcxproj", "{FBA9650F-A75F-4877-B45D-81788790A6ED}"
EndProject
Global
	GlobalSection(SolutionConfigurationPlatforms) = preSolution
		Debug|x64 = Debug|x64
		Debug|x86 = Debug|x86
		Release|x64 = Release|x64
		Release|x86 = Release|x86
	EndGlobalSection
	GlobalSection(ProjectConfigurationPlatforms) = postSolution
		{FBA9650F-A75F-4877-B45D-81788790A6ED}.Debug|x64.ActiveCfg = Debug|x64
		{FBA9650F-A75F-4877-B45D-81788790A6ED}.Debug|x64.Build.0 = Debug|x64
		{FBA9650F-A75F-4877-B45D-81788790A6ED}.Debug|x86.ActiveCfg = Debug|Win32
		{FBA9650F-A75F-4877-B45D-81788790A6ED}.Debug|x86.Build.0 = Debug|Win32
		{FBA9650F-A75F-4877-B45D-81788790A6ED}.Release|x64.ActiveCfg = Release|x64
		{FBA9650F-A75F-4877-B45D-81788790A6ED}.Release|x64.Build.0 = Release|x64
		{FBA9650F-A75F-4877-B45D-81788790A6ED}.Release|x86.ActiveCfg = Release|Win32
		{FBA9650F-A75F-4877-B45D-81788790A6ED}.Release|x86.Build.0 = Release|Win32
	EndGlobalSection
	GlobalSection(SolutionProperties) = preSolution
		HideSolutionNode = FALSE
	EndGlobalSection
	GlobalSection(ExtensibilityGlobals) = postSolution
		SolutionGuid = {1AB8629E-7E1D-4310-A735-4FFBC1833FA8}
	EndGlobalSection
EndGlobal
